
Microsoft Visual Studio Solution File, Format Version 12.00
# Visual Studio 15
VisualStudioVersion = 15.0.28307.572
MinimumVisualStudioVersion = 10.0.40219.1
Project("{FAE04EC0-301F-11D3-BF4B-00C04F79EFBC}") = "ChatRoom.Controllers", "ChatRoom.Controllers\ChatRoom.Controllers.csproj", "{0CCEEA37-AF71-4A68-A52F-A95508FF98E5}"
EndProject
Project("{FAE04EC0-301F-11D3-BF4B-00C04F79EFBC}") = "ChatRoom.Persistence", "ChatRoom.Persistence\ChatRoom.Persistence.csproj", "{C44836D0-FE91-4FD2-9495-90B20F75F522}"
EndProject
Project("{FAE04EC0-301F-11D3-BF4B-00C04F79EFBC}") = "ChatRoom.Models", "ChatRoom.Models\ChatRoom.Models.csproj", "{DD005462-C1A3-4BBC-A693-3ECD29BC8E4B}"
EndProject
Project("{FAE04EC0-301F-11D3-BF4B-00C04F79EFBC}") = "ChatRoom.Business", "ChatRoom.Business\ChatRoom.Business.csproj", "{6FFC0EB5-5D7C-4D31-9637-DFDB8A42A433}"
EndProject
Project("{FAE04EC0-301F-11D3-BF4B-00C04F79EFBC}") = "ChatRoom.Utils", "ChatRoom.Utils\ChatRoom.Utils.csproj", "{7948FDD1-D5C3-4CF1-9A88-521F2CB4D99D}"
EndProject
Project("{FAE04EC0-301F-11D3-BF4B-00C04F79EFBC}") = "ChatRoomIdentityServer", "ChatRoomIdentityServer\ChatRoomIdentityServer.csproj", "{7496EDA7-0AE5-49D4-9078-EBD7E76EB6EA}"
EndProject
Global
	GlobalSection(SolutionConfigurationPlatforms) = preSolution
		Debug|Any CPU = Debug|Any CPU
		Release|Any CPU = Release|Any CPU
	EndGlobalSection
	GlobalSection(ProjectConfigurationPlatforms) = postSolution
		{0CCEEA37-AF71-4A68-A52F-A95508FF98E5}.Debug|Any CPU.ActiveCfg = Debug|Any CPU
		{0CCEEA37-AF71-4A68-A52F-A95508FF98E5}.Debug|Any CPU.Build.0 = Debug|Any CPU
		{0CCEEA37-AF71-4A68-A52F-A95508FF98E5}.Release|Any CPU.ActiveCfg = Release|Any CPU
		{0CCEEA37-AF71-4A68-A52F-A95508FF98E5}.Release|Any CPU.Build.0 = Release|Any CPU
		{C44836D0-FE91-4FD2-9495-90B20F75F522}.Debug|Any CPU.ActiveCfg = Debug|Any CPU
		{C44836D0-FE91-4FD2-9495-90B20F75F522}.Debug|Any CPU.Build.0 = Debug|Any CPU
		{C44836D0-FE91-4FD2-9495-90B20F75F522}.Release|Any CPU.ActiveCfg = Release|Any CPU
		{C44836D0-FE91-4FD2-9495-90B20F75F522}.Release|Any CPU.Build.0 = Release|Any CPU
		{DD005462-C1A3-4BBC-A693-3ECD29BC8E4B}.Debug|Any CPU.ActiveCfg = Debug|Any CPU
		{DD005462-C1A3-4BBC-A693-3ECD29BC8E4B}.Debug|Any CPU.Build.0 = Debug|Any CPU
		{DD005462-C1A3-4BBC-A693-3ECD29BC8E4B}.Release|Any CPU.ActiveCfg = Release|Any CPU
		{DD005462-C1A3-4BBC-A693-3ECD29BC8E4B}.Release|Any CPU.Build.0 = Release|Any CPU
		{6FFC0EB5-5D7C-4D31-9637-DFDB8A42A433}.Debug|Any CPU.ActiveCfg = Debug|Any CPU
		{6FFC0EB5-5D7C-4D31-9637-DFDB8A42A433}.Debug|Any CPU.Build.0 = Debug|Any CPU
		{6FFC0EB5-5D7C-4D31-9637-DFDB8A42A433}.Release|Any CPU.ActiveCfg = Release|Any CPU
		{6FFC0EB5-5D7C-4D31-9637-DFDB8A42A433}.Release|Any CPU.Build.0 = Release|Any CPU
		{7948FDD1-D5C3-4CF1-9A88-521F2CB4D99D}.Debug|Any CPU.ActiveCfg = Debug|Any CPU
		{7948FDD1-D5C3-4CF1-9A88-521F2CB4D99D}.Debug|Any CPU.Build.0 = Debug|Any CPU
		{7948FDD1-D5C3-4CF1-9A88-521F2CB4D99D}.Release|Any CPU.ActiveCfg = Release|Any CPU
		{7948FDD1-D5C3-4CF1-9A88-521F2CB4D99D}.Release|Any CPU.Build.0 = Release|Any CPU
		{7496EDA7-0AE5-49D4-9078-EBD7E76EB6EA}.Debug|Any CPU.ActiveCfg = Debug|Any CPU
		{7496EDA7-0AE5-49D4-9078-EBD7E76EB6EA}.Debug|Any CPU.Build.0 = Debug|Any CPU
		{7496EDA7-0AE5-49D4-9078-EBD7E76EB6EA}.Release|Any CPU.ActiveCfg = Release|Any CPU
		{7496EDA7-0AE5-49D4-9078-EBD7E76EB6EA}.Release|Any CPU.Build.0 = Release|Any CPU
	EndGlobalSection
	GlobalSection(SolutionProperties) = preSolution
		HideSolutionNode = FALSE
	EndGlobalSection
	GlobalSection(ExtensibilityGlobals) = postSolution
		SolutionGuid = {506A615F-0DEF-4424-B897-449DEDE86686}
	EndGlobalSection
EndGlobal
